
Microsoft Visual Studio Solution File, Format Version 12.00
# Visual Studio Version 17
VisualStudioVersion = 17.6.33829.357
MinimumVisualStudioVersion = 10.0.40219.1
Project("{FAE04EC0-301F-11D3-BF4B-00C04F79EFBC}") = "ProxyPatternExample", "ProxyPatternExample\ProxyPatternExample.csproj", "{3E30566D-9981-47BE-AE43-2C612DAFEF57}"
EndProject
Global
	GlobalSection(SolutionConfigurationPlatforms) = preSolution
		Debug|Any CPU = Debug|Any CPU
		Release|Any CPU = Release|Any CPU
	EndGlobalSection
	GlobalSection(ProjectConfigurationPlatforms) = postSolution
		{3E30566D-9981-47BE-AE43-2C612DAFEF57}.Debug|Any CPU.ActiveCfg = Debug|Any CPU
		{3E30566D-9981-47BE-AE43-2C612DAFEF57}.Debug|Any CPU.Build.0 = Debug|Any CPU
		{3E30566D-9981-47BE-AE43-2C612DAFEF57}.Release|Any CPU.ActiveCfg = Release|Any CPU
		{3E30566D-9981-47BE-AE43-2C612DAFEF57}.Release|Any CPU.Build.0 = Release|Any CPU
	EndGlobalSection
	GlobalSection(SolutionProperties) = preSolution
		HideSolutionNode = FALSE
	EndGlobalSection
	GlobalSection(ExtensibilityGlobals) = postSolution
		SolutionGuid = {539FF267-49DB-442B-A1F2-73737E0E1F2B}
	EndGlobalSection
EndGlobal
