
Microsoft Visual Studio Solution File, Format Version 12.00
# Visual Studio Version 17
VisualStudioVersion = 17.6.33829.357
MinimumVisualStudioVersion = 10.0.40219.1
Project("{FAE04EC0-301F-11D3-BF4B-00C04F79EFBC}") = "FinancialForecastingExample", "FinancialForecastingExample\FinancialForecastingExample.csproj", "{85AC97FE-01FE-42D5-8570-707DABCE31FE}"
EndProject
Global
	GlobalSection(SolutionConfigurationPlatforms) = preSolution
		Debug|Any CPU = Debug|Any CPU
		Release|Any CPU = Release|Any CPU
	EndGlobalSection
	GlobalSection(ProjectConfigurationPlatforms) = postSolution
		{85AC97FE-01FE-42D5-8570-707DABCE31FE}.Debug|Any CPU.ActiveCfg = Debug|Any CPU
		{85AC97FE-01FE-42D5-8570-707DABCE31FE}.Debug|Any CPU.Build.0 = Debug|Any CPU
		{85AC97FE-01FE-42D5-8570-707DABCE31FE}.Release|Any CPU.ActiveCfg = Release|Any CPU
		{85AC97FE-01FE-42D5-8570-707DABCE31FE}.Release|Any CPU.Build.0 = Release|Any CPU
	EndGlobalSection
	GlobalSection(SolutionProperties) = preSolution
		HideSolutionNode = FALSE
	EndGlobalSection
	GlobalSection(ExtensibilityGlobals) = postSolution
		SolutionGuid = {0003F588-68E4-4F0B-A850-B82DEB23A495}
	EndGlobalSection
EndGlobal
